// !$*UTF8*$!
{
	archiveVersion = 1;
	classes = {
	};
	objectVersion = 56;
	objects = {

/* Begin PBXBuildFile section */
		1AB992D72C79E4BC0003310D /* main.cpp in Sources */ = {isa = PBXBuildFile; fileRef = 1AB992D62C79E4BC0003310D /* main.cpp */; };
		1AB992E32C79E6E40003310D /* libsfml-system.2.6.1.dylib in Frameworks */ = {isa = PBXBuildFile; fileRef = 1AB992DE2C79E6E40003310D /* libsfml-system.2.6.1.dylib */; };
		1AB992E42C79E6E40003310D /* libsfml-window.2.6.1.dylib in Frameworks */ = {isa = PBXBuildFile; fileRef = 1AB992DF2C79E6E40003310D /* libsfml-window.2.6.1.dylib */; };
		1AB992E52C79E6E40003310D /* libsfml-graphics.2.6.1.dylib in Frameworks */ = {isa = PBXBuildFile; fileRef = 1AB992E02C79E6E40003310D /* libsfml-graphics.2.6.1.dylib */; };
		1AB992E62C79E6E40003310D /* libsfml-network.2.6.1.dylib in Frameworks */ = {isa = PBXBuildFile; fileRef = 1AB992E12C79E6E40003310D /* libsfml-network.2.6.1.dylib */; };
		1AB992E72C79E6E40003310D /* libsfml-audio.2.6.1.dylib in Frameworks */ = {isa = PBXBuildFile; fileRef = 1AB992E22C79E6E40003310D /* libsfml-audio.2.6.1.dylib */; };
		1AFC3E932C7BB57800AC178D /* Tetromino.cpp in Sources */ = {isa = PBXBuildFile; fileRef = 1AFC3E832C7B806400AC178D /* Tetromino.cpp */; };
		1AFC3E942C7BB57B00AC178D /* GetWallKickData.cpp in Sources */ = {isa = PBXBuildFile; fileRef = 1AFC3E8F2C7B831C00AC178D /* GetWallKickData.cpp */; };
		1AFC3E952C7BB57D00AC178D /* GetTetromino.cpp in Sources */ = {isa = PBXBuildFile; fileRef = 1AFC3E802C7B7FEE00AC178D /* GetTetromino.cpp */; };
		1AFC3E962C7BB57F00AC178D /* GameText.cpp in Sources */ = {isa = PBXBuildFile; fileRef = 1AFC3E862C7B81CB00AC178D /* GameText.cpp */; };
/* End PBXBuildFile section */

/* Begin PBXCopyFilesBuildPhase section */
		1AB992D12C79E4BC0003310D /* CopyFiles */ = {
			isa = PBXCopyFilesBuildPhase;
			buildActionMask = 2147483647;
			dstPath = /usr/share/man/man1/;
			dstSubfolderSpec = 0;
			files = (
			);
			runOnlyForDeploymentPostprocessing = 1;
		};
/* End PBXCopyFilesBuildPhase section */

/* Begin PBXFileReference section */
		1AB992D32C79E4BC0003310D /* Tetris */ = {isa = PBXFileReference; explicitFileType = "compiled.mach-o.executable"; includeInIndex = 0; path = Tetris; sourceTree = BUILT_PRODUCTS_DIR; };
		1AB992D62C79E4BC0003310D /* main.cpp */ = {isa = PBXFileReference; lastKnownFileType = sourcecode.cpp.cpp; path = main.cpp; sourceTree = "<group>"; };
		1AB992DE2C79E6E40003310D /* libsfml-system.2.6.1.dylib */ = {isa = PBXFileReference; lastKnownFileType = "compiled.mach-o.dylib"; name = "libsfml-system.2.6.1.dylib"; path = "../../../../../opt/homebrew/Cellar/sfml/2.6.1/lib/libsfml-system.2.6.1.dylib"; sourceTree = "<group>"; };
		1AB992DF2C79E6E40003310D /* libsfml-window.2.6.1.dylib */ = {isa = PBXFileReference; lastKnownFileType = "compiled.mach-o.dylib"; name = "libsfml-window.2.6.1.dylib"; path = "../../../../../opt/homebrew/Cellar/sfml/2.6.1/lib/libsfml-window.2.6.1.dylib"; sourceTree = "<group>"; };
		1AB992E02C79E6E40003310D /* libsfml-graphics.2.6.1.dylib */ = {isa = PBXFileReference; lastKnownFileType = "compiled.mach-o.dylib"; name = "libsfml-graphics.2.6.1.dylib"; path = "../../../../../opt/homebrew/Cellar/sfml/2.6.1/lib/libsfml-graphics.2.6.1.dylib"; sourceTree = "<group>"; };
		1AB992E12C79E6E40003310D /* libsfml-network.2.6.1.dylib */ = {isa = PBXFileReference; lastKnownFileType = "compiled.mach-o.dylib"; name = "libsfml-network.2.6.1.dylib"; path = "../../../../../opt/homebrew/Cellar/sfml/2.6.1/lib/libsfml-network.2.6.1.dylib"; sourceTree = "<group>"; };
		1AB992E22C79E6E40003310D /* libsfml-audio.2.6.1.dylib */ = {isa = PBXFileReference; lastKnownFileType = "compiled.mach-o.dylib"; name = "libsfml-audio.2.6.1.dylib"; path = "../../../../../opt/homebrew/Cellar/sfml/2.6.1/lib/libsfml-audio.2.6.1.dylib"; sourceTree = "<group>"; };
		1AB992E82C79E7780003310D /* Tetris.entitlements */ = {isa = PBXFileReference; lastKnownFileType = text.plist.entitlements; path = Tetris.entitlements; sourceTree = "<group>"; };
		1AFC3E7B2C7B130C00AC178D /* Global.hpp */ = {isa = PBXFileReference; lastKnownFileType = sourcecode.cpp.h; path = Global.hpp; sourceTree = "<group>"; };
		1AFC3E802C7B7FEE00AC178D /* GetTetromino.cpp */ = {isa = PBXFileReference; lastKnownFileType = sourcecode.cpp.cpp; path = GetTetromino.cpp; sourceTree = "<group>"; };
		1AFC3E812C7B7FEE00AC178D /* GetTetromino.hpp */ = {isa = PBXFileReference; lastKnownFileType = sourcecode.cpp.h; path = GetTetromino.hpp; sourceTree = "<group>"; };
		1AFC3E832C7B806400AC178D /* Tetromino.cpp */ = {isa = PBXFileReference; lastKnownFileType = sourcecode.cpp.cpp; path = Tetromino.cpp; sourceTree = "<group>"; };
		1AFC3E842C7B806400AC178D /* Tetromino.hpp */ = {isa = PBXFileReference; lastKnownFileType = sourcecode.cpp.h; path = Tetromino.hpp; sourceTree = "<group>"; };
		1AFC3E862C7B81CB00AC178D /* GameText.cpp */ = {isa = PBXFileReference; lastKnownFileType = sourcecode.cpp.cpp; path = GameText.cpp; sourceTree = "<group>"; };
		1AFC3E872C7B81CB00AC178D /* GameText.hpp */ = {isa = PBXFileReference; lastKnownFileType = sourcecode.cpp.h; path = GameText.hpp; sourceTree = "<group>"; };
		1AFC3E8F2C7B831C00AC178D /* GetWallKickData.cpp */ = {isa = PBXFileReference; lastKnownFileType = sourcecode.cpp.cpp; path = GetWallKickData.cpp; sourceTree = "<group>"; };
		1AFC3E902C7B831C00AC178D /* GetWallKickData.hpp */ = {isa = PBXFileReference; lastKnownFileType = sourcecode.cpp.h; path = GetWallKickData.hpp; sourceTree = "<group>"; };
		1AFC3E9B2C7BB86600AC178D /* Font.png */ = {isa = PBXFileReference; lastKnownFileType = image.png; path = Font.png; sourceTree = "<group>"; };
/* End PBXFileReference section */

/* Begin PBXFrameworksBuildPhase section */
		1AB992D02C79E4BC0003310D /* Frameworks */ = {
			isa = PBXFrameworksBuildPhase;
			buildActionMask = 2147483647;
			files = (
				1AB992E32C79E6E40003310D /* libsfml-system.2.6.1.dylib in Frameworks */,
				1AB992E42C79E6E40003310D /* libsfml-window.2.6.1.dylib in Frameworks */,
				1AB992E52C79E6E40003310D /* libsfml-graphics.2.6.1.dylib in Frameworks */,
				1AB992E62C79E6E40003310D /* libsfml-network.2.6.1.dylib in Frameworks */,
				1AB992E72C79E6E40003310D /* libsfml-audio.2.6.1.dylib in Frameworks */,
			);
			runOnlyForDeploymentPostprocessing = 0;
		};
/* End PBXFrameworksBuildPhase section */

/* Begin PBXGroup section */
		1AB992CA2C79E4BB0003310D = {
			isa = PBXGroup;
			children = (
				1AB992D52C79E4BC0003310D /* Tetris */,
				1AB992D42C79E4BC0003310D /* Products */,
				1AB992DD2C79E6E40003310D /* Frameworks */,
			);
			sourceTree = "<group>";
		};
		1AB992D42C79E4BC0003310D /* Products */ = {
			isa = PBXGroup;
			children = (
				1AB992D32C79E4BC0003310D /* Tetris */,
			);
			name = Products;
			sourceTree = "<group>";
		};
		1AB992D52C79E4BC0003310D /* Tetris */ = {
			isa = PBXGroup;
			children = (
				1AB992E82C79E7780003310D /* Tetris.entitlements */,
				1AFC3E862C7B81CB00AC178D /* GameText.cpp */,
				1AFC3E802C7B7FEE00AC178D /* GetTetromino.cpp */,
				1AFC3E8F2C7B831C00AC178D /* GetWallKickData.cpp */,
				1AB992D62C79E4BC0003310D /* main.cpp */,
				1AFC3E832C7B806400AC178D /* Tetromino.cpp */,
				1AFC3E9A2C7BB82400AC178D /* Resources */,
				1AFC3E792C7B12FB00AC178D /* Headers */,
			);
			path = Tetris;
			sourceTree = "<group>";
		};
		1AB992DD2C79E6E40003310D /* Frameworks */ = {
			isa = PBXGroup;
			children = (
				1AB992E22C79E6E40003310D /* libsfml-audio.2.6.1.dylib */,
				1AB992E02C79E6E40003310D /* libsfml-graphics.2.6.1.dylib */,
				1AB992E12C79E6E40003310D /* libsfml-network.2.6.1.dylib */,
				1AB992DE2C79E6E40003310D /* libsfml-system.2.6.1.dylib */,
				1AB992DF2C79E6E40003310D /* libsfml-window.2.6.1.dylib */,
			);
			name = Frameworks;
			sourceTree = "<group>";
		};
		1AFC3E792C7B12FB00AC178D /* Headers */ = {
			isa = PBXGroup;
			children = (
				1AFC3E872C7B81CB00AC178D /* GameText.hpp */,
				1AFC3E812C7B7FEE00AC178D /* GetTetromino.hpp */,
				1AFC3E902C7B831C00AC178D /* GetWallKickData.hpp */,
				1AFC3E7B2C7B130C00AC178D /* Global.hpp */,
				1AFC3E842C7B806400AC178D /* Tetromino.hpp */,
			);
			path = Headers;
			sourceTree = "<group>";
		};
		1AFC3E8C2C7B823C00AC178D /* Images */ = {
			isa = PBXGroup;
			children = (
				1AFC3E9B2C7BB86600AC178D /* Font.png */,
			);
			path = Images;
			sourceTree = "<group>";
		};
		1AFC3E9A2C7BB82400AC178D /* Resources */ = {
			isa = PBXGroup;
			children = (
				1AFC3E8C2C7B823C00AC178D /* Images */,
			);
			path = Resources;
			sourceTree = "<group>";
		};
/* End PBXGroup section */

/* Begin PBXNativeTarget section */
		1AB992D22C79E4BC0003310D /* Tetris */ = {
			isa = PBXNativeTarget;
			buildConfigurationList = 1AB992DA2C79E4BC0003310D /* Build configuration list for PBXNativeTarget "Tetris" */;
			buildPhases = (
				1AB992CF2C79E4BC0003310D /* Sources */,
				1AB992D02C79E4BC0003310D /* Frameworks */,
				1AB992D12C79E4BC0003310D /* CopyFiles */,
			);
			buildRules = (
			);
			dependencies = (
			);
			name = Tetris;
			productName = Tetris;
			productReference = 1AB992D32C79E4BC0003310D /* Tetris */;
			productType = "com.apple.product-type.tool";
		};
/* End PBXNativeTarget section */

/* Begin PBXProject section */
		1AB992CB2C79E4BB0003310D /* Project object */ = {
			isa = PBXProject;
			attributes = {
				BuildIndependentTargetsInParallel = 1;
				LastUpgradeCheck = 1430;
				TargetAttributes = {
					1AB992D22C79E4BC0003310D = {
						CreatedOnToolsVersion = 14.3.1;
					};
				};
			};
			buildConfigurationList = 1AB992CE2C79E4BB0003310D /* Build configuration list for PBXProject "Tetris" */;
			compatibilityVersion = "Xcode 14.0";
			developmentRegion = en;
			hasScannedForEncodings = 0;
			knownRegions = (
				en,
				Base,
			);
			mainGroup = 1AB992CA2C79E4BB0003310D;
			productRefGroup = 1AB992D42C79E4BC0003310D /* Products */;
			projectDirPath = "";
			projectRoot = "";
			targets = (
				1AB992D22C79E4BC0003310D /* Tetris */,
			);
		};
/* End PBXProject section */

/* Begin PBXSourcesBuildPhase section */
		1AB992CF2C79E4BC0003310D /* Sources */ = {
			isa = PBXSourcesBuildPhase;
			buildActionMask = 2147483647;
			files = (
				1AFC3E942C7BB57B00AC178D /* GetWallKickData.cpp in Sources */,
				1AB992D72C79E4BC0003310D /* main.cpp in Sources */,
				1AFC3E952C7BB57D00AC178D /* GetTetromino.cpp in Sources */,
				1AFC3E932C7BB57800AC178D /* Tetromino.cpp in Sources */,
				1AFC3E962C7BB57F00AC178D /* GameText.cpp in Sources */,
			);
			runOnlyForDeploymentPostprocessing = 0;
		};
/* End PBXSourcesBuildPhase section */

/* Begin XCBuildConfiguration section */
		1AB992D82C79E4BC0003310D /* Debug */ = {
			isa = XCBuildConfiguration;
			buildSettings = {
				ALWAYS_SEARCH_USER_PATHS = NO;
				CLANG_ANALYZER_NONNULL = YES;
				CLANG_ANALYZER_NUMBER_OBJECT_CONVERSION = YES_AGGRESSIVE;
				CLANG_CXX_LANGUAGE_STANDARD = "gnu++20";
				CLANG_ENABLE_MODULES = YES;
				CLANG_ENABLE_OBJC_ARC = YES;
				CLANG_ENABLE_OBJC_WEAK = YES;
				CLANG_WARN_BLOCK_CAPTURE_AUTORELEASING = YES;
				CLANG_WARN_BOOL_CONVERSION = YES;
				CLANG_WARN_COMMA = YES;
				CLANG_WARN_CONSTANT_CONVERSION = YES;
				CLANG_WARN_DEPRECATED_OBJC_IMPLEMENTATIONS = YES;
				CLANG_WARN_DIRECT_OBJC_ISA_USAGE = YES_ERROR;
				CLANG_WARN_DOCUMENTATION_COMMENTS = YES;
				CLANG_WARN_EMPTY_BODY = YES;
				CLANG_WARN_ENUM_CONVERSION = YES;
				CLANG_WARN_INFINITE_RECURSION = YES;
				CLANG_WARN_INT_CONVERSION = YES;
				CLANG_WARN_NON_LITERAL_NULL_CONVERSION = YES;
				CLANG_WARN_OBJC_IMPLICIT_RETAIN_SELF = YES;
				CLANG_WARN_OBJC_LITERAL_CONVERSION = YES;
				CLANG_WARN_OBJC_ROOT_CLASS = YES_ERROR;
				CLANG_WARN_QUOTED_INCLUDE_IN_FRAMEWORK_HEADER = YES;
				CLANG_WARN_RANGE_LOOP_ANALYSIS = YES;
				CLANG_WARN_STRICT_PROTOTYPES = YES;
				CLANG_WARN_SUSPICIOUS_MOVE = YES;
				CLANG_WARN_UNGUARDED_AVAILABILITY = YES_AGGRESSIVE;
				CLANG_WARN_UNREACHABLE_CODE = YES;
				CLANG_WARN__DUPLICATE_METHOD_MATCH = YES;
				COPY_PHASE_STRIP = NO;
				DEBUG_INFORMATION_FORMAT = dwarf;
				ENABLE_STRICT_OBJC_MSGSEND = YES;
				ENABLE_TESTABILITY = YES;
				GCC_C_LANGUAGE_STANDARD = gnu11;
				GCC_DYNAMIC_NO_PIC = NO;
				GCC_NO_COMMON_BLOCKS = YES;
				GCC_OPTIMIZATION_LEVEL = 0;
				GCC_PREPROCESSOR_DEFINITIONS = (
					"DEBUG=1",
					"$(inherited)",
				);
				GCC_WARN_64_TO_32_BIT_CONVERSION = YES;
				GCC_WARN_ABOUT_RETURN_TYPE = YES_ERROR;
				GCC_WARN_UNDECLARED_SELECTOR = YES;
				GCC_WARN_UNINITIALIZED_AUTOS = YES_AGGRESSIVE;
				GCC_WARN_UNUSED_FUNCTION = YES;
				GCC_WARN_UNUSED_VARIABLE = YES;
				MACOSX_DEPLOYMENT_TARGET = 13.3;
				MTL_ENABLE_DEBUG_INFO = INCLUDE_SOURCE;
				MTL_FAST_MATH = YES;
				ONLY_ACTIVE_ARCH = YES;
				SDKROOT = macosx;
			};
			name = Debug;
		};
		1AB992D92C79E4BC0003310D /* Release */ = {
			isa = XCBuildConfiguration;
			buildSettings = {
				ALWAYS_SEARCH_USER_PATHS = NO;
				CLANG_ANALYZER_NONNULL = YES;
				CLANG_ANALYZER_NUMBER_OBJECT_CONVERSION = YES_AGGRESSIVE;
				CLANG_CXX_LANGUAGE_STANDARD = "gnu++20";
				CLANG_ENABLE_MODULES = YES;
				CLANG_ENABLE_OBJC_ARC = YES;
				CLANG_ENABLE_OBJC_WEAK = YES;
				CLANG_WARN_BLOCK_CAPTURE_AUTORELEASING = YES;
				CLANG_WARN_BOOL_CONVERSION = YES;
				CLANG_WARN_COMMA = YES;
				CLANG_WARN_CONSTANT_CONVERSION = YES;
				CLANG_WARN_DEPRECATED_OBJC_IMPLEMENTATIONS = YES;
				CLANG_WARN_DIRECT_OBJC_ISA_USAGE = YES_ERROR;
				CLANG_WARN_DOCUMENTATION_COMMENTS = YES;
				CLANG_WARN_EMPTY_BODY = YES;
				CLANG_WARN_ENUM_CONVERSION = YES;
				CLANG_WARN_INFINITE_RECURSION = YES;
				CLANG_WARN_INT_CONVERSION = YES;
				CLANG_WARN_NON_LITERAL_NULL_CONVERSION = YES;
				CLANG_WARN_OBJC_IMPLICIT_RETAIN_SELF = YES;
				CLANG_WARN_OBJC_LITERAL_CONVERSION = YES;
				CLANG_WARN_OBJC_ROOT_CLASS = YES_ERROR;
				CLANG_WARN_QUOTED_INCLUDE_IN_FRAMEWORK_HEADER = YES;
				CLANG_WARN_RANGE_LOOP_ANALYSIS = YES;
				CLANG_WARN_STRICT_PROTOTYPES = YES;
				CLANG_WARN_SUSPICIOUS_MOVE = YES;
				CLANG_WARN_UNGUARDED_AVAILABILITY = YES_AGGRESSIVE;
				CLANG_WARN_UNREACHABLE_CODE = YES;
				CLANG_WARN__DUPLICATE_METHOD_MATCH = YES;
				COPY_PHASE_STRIP = NO;
				DEBUG_INFORMATION_FORMAT = "dwarf-with-dsym";
				ENABLE_NS_ASSERTIONS = NO;
				ENABLE_STRICT_OBJC_MSGSEND = YES;
				GCC_C_LANGUAGE_STANDARD = gnu11;
				GCC_NO_COMMON_BLOCKS = YES;
				GCC_WARN_64_TO_32_BIT_CONVERSION = YES;
				GCC_WARN_ABOUT_RETURN_TYPE = YES_ERROR;
				GCC_WARN_UNDECLARED_SELECTOR = YES;
				GCC_WARN_UNINITIALIZED_AUTOS = YES_AGGRESSIVE;
				GCC_WARN_UNUSED_FUNCTION = YES;
				GCC_WARN_UNUSED_VARIABLE = YES;
				MACOSX_DEPLOYMENT_TARGET = 13.3;
				MTL_ENABLE_DEBUG_INFO = NO;
				MTL_FAST_MATH = YES;
				SDKROOT = macosx;
			};
			name = Release;
		};
		1AB992DB2C79E4BC0003310D /* Debug */ = {
			isa = XCBuildConfiguration;
			buildSettings = {
				CODE_SIGN_ENTITLEMENTS = Tetris/Tetris.entitlements;
				CODE_SIGN_STYLE = Automatic;
				DEVELOPMENT_TEAM = H2A8472PR2;
				ENABLE_HARDENED_RUNTIME = YES;
				HEADER_SEARCH_PATHS = "\"/opt/homebrew/include\"\n";
				LIBRARY_SEARCH_PATHS = (
					/opt/homebrew/lib,
					/opt/homebrew/Cellar/sfml/2.6.1/lib,
				);
				PRODUCT_NAME = "$(TARGET_NAME)";
			};
			name = Debug;
		};
		1AB992DC2C79E4BC0003310D /* Release */ = {
			isa = XCBuildConfiguration;
			buildSettings = {
				CODE_SIGN_ENTITLEMENTS = Tetris/Tetris.entitlements;
				CODE_SIGN_STYLE = Automatic;
				DEVELOPMENT_TEAM = H2A8472PR2;
				ENABLE_HARDENED_RUNTIME = YES;
				HEADER_SEARCH_PATHS = "\"/opt/homebrew/include\"\n";
				LIBRARY_SEARCH_PATHS = (
					/opt/homebrew/lib,
					/opt/homebrew/Cellar/sfml/2.6.1/lib,
				);
				PRODUCT_NAME = "$(TARGET_NAME)";
			};
			name = Release;
		};
/* End XCBuildConfiguration section */

/* Begin XCConfigurationList section */
		1AB992CE2C79E4BB0003310D /* Build configuration list for PBXProject "Tetris" */ = {
			isa = XCConfigurationList;
			buildConfigurations = (
				1AB992D82C79E4BC0003310D /* Debug */,
				1AB992D92C79E4BC0003310D /* Release */,
			);
			defaultConfigurationIsVisible = 0;
			defaultConfigurationName = Release;
		};
		1AB992DA2C79E4BC0003310D /* Build configuration list for PBXNativeTarget "Tetris" */ = {
			isa = XCConfigurationList;
			buildConfigurations = (
				1AB992DB2C79E4BC0003310D /* Debug */,
				1AB992DC2C79E4BC0003310D /* Release */,
			);
			defaultConfigurationIsVisible = 0;
			defaultConfigurationName = Release;
		};
/* End XCConfigurationList section */
	};
	rootObject = 1AB992CB2C79E4BB0003310D /* Project object */;
}
